// !$*UTF8*$!
{
	archiveVersion = 1;
	classes = {
	};
	objectVersion = 46;
	objects = {

/* Begin PBXBuildFile section */
		7E6AEC951B24E15E007F1C74 /* main.m in Sources */ = {isa = PBXBuildFile; fileRef = 7E6AEC941B24E15E007F1C74 /* main.m */; };
		7E6AEC981B24E15E007F1C74 /* AppDelegate.m in Sources */ = {isa = PBXBuildFile; fileRef = 7E6AEC971B24E15E007F1C74 /* AppDelegate.m */; };
		7E6AEC9B1B24E15E007F1C74 /* MadLibViewController.m in Sources */ = {isa = PBXBuildFile; fileRef = 7E6AEC9A1B24E15E007F1C74 /* MadLibViewController.m */; };
		7E6AEC9E1B24E15E007F1C74 /* Main.storyboard in Resources */ = {isa = PBXBuildFile; fileRef = 7E6AEC9C1B24E15E007F1C74 /* Main.storyboard */; };
		7E6AECA01B24E15E007F1C74 /* Images.xcassets in Resources */ = {isa = PBXBuildFile; fileRef = 7E6AEC9F1B24E15E007F1C74 /* Images.xcassets */; };
		7E6AECA31B24E15E007F1C74 /* LaunchScreen.xib in Resources */ = {isa = PBXBuildFile; fileRef = 7E6AECA11B24E15E007F1C74 /* LaunchScreen.xib */; };
		7E6AECAF1B24E15E007F1C74 /* MadLibsTests.m in Sources */ = {isa = PBXBuildFile; fileRef = 7E6AECAE1B24E15E007F1C74 /* MadLibsTests.m */; };
		7E6AECBD1B24E2D8007F1C74 /* MadLibFieldCell.m in Sources */ = {isa = PBXBuildFile; fileRef = 7E6AECBC1B24E2D8007F1C74 /* MadLibFieldCell.m */; };
		7E6AECC01B24E547007F1C74 /* MadLib.m in Sources */ = {isa = PBXBuildFile; fileRef = 7E6AECBF1B24E547007F1C74 /* MadLib.m */; };
/* End PBXBuildFile section */

/* Begin PBXContainerItemProxy section */
		7E6AECA91B24E15E007F1C74 /* PBXContainerItemProxy */ = {
			isa = PBXContainerItemProxy;
			containerPortal = 7E6AEC871B24E15E007F1C74 /* Project object */;
			proxyType = 1;
			remoteGlobalIDString = 7E6AEC8E1B24E15E007F1C74;
			remoteInfo = MadLibs;
		};
/* End PBXContainerItemProxy section */

/* Begin PBXFileReference section */
		7E6AEC8F1B24E15E007F1C74 /* MadLibs.app */ = {isa = PBXFileReference; explicitFileType = wrapper.application; includeInIndex = 0; path = MadLibs.app; sourceTree = BUILT_PRODUCTS_DIR; };
		7E6AEC931B24E15E007F1C74 /* Info.plist */ = {isa = PBXFileReference; lastKnownFileType = text.plist.xml; path = Info.plist; sourceTree = "<group>"; };
		7E6AEC941B24E15E007F1C74 /* main.m */ = {isa = PBXFileReference; lastKnownFileType = sourcecode.c.objc; path = main.m; sourceTree = "<group>"; };
		7E6AEC961B24E15E007F1C74 /* AppDelegate.h */ = {isa = PBXFileReference; lastKnownFileType = sourcecode.c.h; path = AppDelegate.h; sourceTree = "<group>"; };
		7E6AEC971B24E15E007F1C74 /* AppDelegate.m */ = {isa = PBXFileReference; lastKnownFileType = sourcecode.c.objc; path = AppDelegate.m; sourceTree = "<group>"; };
		7E6AEC991B24E15E007F1C74 /* MadLibViewController.h */ = {isa = PBXFileReference; lastKnownFileType = sourcecode.c.h; path = MadLibViewController.h; sourceTree = "<group>"; };
		7E6AEC9A1B24E15E007F1C74 /* MadLibViewController.m */ = {isa = PBXFileReference; lastKnownFileType = sourcecode.c.objc; path = MadLibViewController.m; sourceTree = "<group>"; };
		7E6AEC9D1B24E15E007F1C74 /* Base */ = {isa = PBXFileReference; lastKnownFileType = file.storyboard; name = Base; path = Base.lproj/Main.storyboard; sourceTree = "<group>"; };
		7E6AEC9F1B24E15E007F1C74 /* Images.xcassets */ = {isa = PBXFileReference; lastKnownFileType = folder.assetcatalog; path = Images.xcassets; sourceTree = "<group>"; };
		7E6AECA21B24E15E007F1C74 /* Base */ = {isa = PBXFileReference; lastKnownFileType = file.xib; name = Base; path = Base.lproj/LaunchScreen.xib; sourceTree = "<group>"; };
		7E6AECA81B24E15E007F1C74 /* MadLibsTests.xctest */ = {isa = PBXFileReference; explicitFileType = wrapper.cfbundle; includeInIndex = 0; path = MadLibsTests.xctest; sourceTree = BUILT_PRODUCTS_DIR; };
		7E6AECAD1B24E15E007F1C74 /* Info.plist */ = {isa = PBXFileReference; lastKnownFileType = text.plist.xml; path = Info.plist; sourceTree = "<group>"; };
		7E6AECAE1B24E15E007F1C74 /* MadLibsTests.m */ = {isa = PBXFileReference; lastKnownFileType = sourcecode.c.objc; path = MadLibsTests.m; sourceTree = "<group>"; };
		7E6AECBB1B24E2D8007F1C74 /* MadLibFieldCell.h */ = {isa = PBXFileReference; fileEncoding = 4; lastKnownFileType = sourcecode.c.h; path = MadLibFieldCell.h; sourceTree = "<group>"; };
		7E6AECBC1B24E2D8007F1C74 /* MadLibFieldCell.m */ = {isa = PBXFileReference; fileEncoding = 4; lastKnownFileType = sourcecode.c.objc; path = MadLibFieldCell.m; sourceTree = "<group>"; };
		7E6AECBE1B24E547007F1C74 /* MadLib.h */ = {isa = PBXFileReference; fileEncoding = 4; lastKnownFileType = sourcecode.c.h; path = MadLib.h; sourceTree = "<group>"; };
		7E6AECBF1B24E547007F1C74 /* MadLib.m */ = {isa = PBXFileReference; fileEncoding = 4; lastKnownFileType = sourcecode.c.objc; path = MadLib.m; sourceTree = "<group>"; };
/* End PBXFileReference section */

/* Begin PBXFrameworksBuildPhase section */
		7E6AEC8C1B24E15E007F1C74 /* Frameworks */ = {
			isa = PBXFrameworksBuildPhase;
			buildActionMask = 2147483647;
			files = (
			);
			runOnlyForDeploymentPostprocessing = 0;
		};
		7E6AECA51B24E15E007F1C74 /* Frameworks */ = {
			isa = PBXFrameworksBuildPhase;
			buildActionMask = 2147483647;
			files = (
			);
			runOnlyForDeploymentPostprocessing = 0;
		};
/* End PBXFrameworksBuildPhase section */

/* Begin PBXGroup section */
		7E6AEC861B24E15E007F1C74 = {
			isa = PBXGroup;
			children = (
				7E6AEC911B24E15E007F1C74 /* MadLibs */,
				7E6AECAB1B24E15E007F1C74 /* MadLibsTests */,
				7E6AEC901B24E15E007F1C74 /* Products */,
			);
			sourceTree = "<group>";
		};
		7E6AEC901B24E15E007F1C74 /* Products */ = {
			isa = PBXGroup;
			children = (
				7E6AEC8F1B24E15E007F1C74 /* MadLibs.app */,
				7E6AECA81B24E15E007F1C74 /* MadLibsTests.xctest */,
			);
			name = Products;
			sourceTree = "<group>";
		};
		7E6AEC911B24E15E007F1C74 /* MadLibs */ = {
			isa = PBXGroup;
			children = (
				7E6AEC961B24E15E007F1C74 /* AppDelegate.h */,
				7E6AEC971B24E15E007F1C74 /* AppDelegate.m */,
				7E6AEC991B24E15E007F1C74 /* MadLibViewController.h */,
				7E6AEC9A1B24E15E007F1C74 /* MadLibViewController.m */,
				7E6AECBB1B24E2D8007F1C74 /* MadLibFieldCell.h */,
				7E6AECBC1B24E2D8007F1C74 /* MadLibFieldCell.m */,
				7E6AECBE1B24E547007F1C74 /* MadLib.h */,
				7E6AECBF1B24E547007F1C74 /* MadLib.m */,
				7E6AEC9C1B24E15E007F1C74 /* Main.storyboard */,
				7E6AEC9F1B24E15E007F1C74 /* Images.xcassets */,
				7E6AECA11B24E15E007F1C74 /* LaunchScreen.xib */,
				7E6AEC921B24E15E007F1C74 /* Supporting Files */,
			);
			path = MadLibs;
			sourceTree = "<group>";
		};
		7E6AEC921B24E15E007F1C74 /* Supporting Files */ = {
			isa = PBXGroup;
			children = (
				7E6AEC931B24E15E007F1C74 /* Info.plist */,
				7E6AEC941B24E15E007F1C74 /* main.m */,
			);
			name = "Supporting Files";
			sourceTree = "<group>";
		};
		7E6AECAB1B24E15E007F1C74 /* MadLibsTests */ = {
			isa = PBXGroup;
			children = (
				7E6AECAE1B24E15E007F1C74 /* MadLibsTests.m */,
				7E6AECAC1B24E15E007F1C74 /* Supporting Files */,
			);
			path = MadLibsTests;
			sourceTree = "<group>";
		};
		7E6AECAC1B24E15E007F1C74 /* Supporting Files */ = {
			isa = PBXGroup;
			children = (
				7E6AECAD1B24E15E007F1C74 /* Info.plist */,
			);
			name = "Supporting Files";
			sourceTree = "<group>";
		};
/* End PBXGroup section */

/* Begin PBXNativeTarget section */
		7E6AEC8E1B24E15E007F1C74 /* MadLibs */ = {
			isa = PBXNativeTarget;
			buildConfigurationList = 7E6AECB21B24E15E007F1C74 /* Build configuration list for PBXNativeTarget "MadLibs" */;
			buildPhases = (
				7E6AEC8B1B24E15E007F1C74 /* Sources */,
				7E6AEC8C1B24E15E007F1C74 /* Frameworks */,
				7E6AEC8D1B24E15E007F1C74 /* Resources */,
			);
			buildRules = (
			);
			dependencies = (
			);
			name = MadLibs;
			productName = MadLibs;
			productReference = 7E6AEC8F1B24E15E007F1C74 /* MadLibs.app */;
			productType = "com.apple.product-type.application";
		};
		7E6AECA71B24E15E007F1C74 /* MadLibsTests */ = {
			isa = PBXNativeTarget;
			buildConfigurationList = 7E6AECB51B24E15E007F1C74 /* Build configuration list for PBXNativeTarget "MadLibsTests" */;
			buildPhases = (
				7E6AECA41B24E15E007F1C74 /* Sources */,
				7E6AECA51B24E15E007F1C74 /* Frameworks */,
				7E6AECA61B24E15E007F1C74 /* Resources */,
			);
			buildRules = (
			);
			dependencies = (
				7E6AECAA1B24E15E007F1C74 /* PBXTargetDependency */,
			);
			name = MadLibsTests;
			productName = MadLibsTests;
			productReference = 7E6AECA81B24E15E007F1C74 /* MadLibsTests.xctest */;
			productType = "com.apple.product-type.bundle.unit-test";
		};
/* End PBXNativeTarget section */

/* Begin PBXProject section */
		7E6AEC871B24E15E007F1C74 /* Project object */ = {
			isa = PBXProject;
			attributes = {
				LastUpgradeCheck = 0630;
				ORGANIZATIONNAME = "Cameron Spickert";
				TargetAttributes = {
					7E6AEC8E1B24E15E007F1C74 = {
						CreatedOnToolsVersion = 6.3.2;
					};
					7E6AECA71B24E15E007F1C74 = {
						CreatedOnToolsVersion = 6.3.2;
						TestTargetID = 7E6AEC8E1B24E15E007F1C74;
					};
				};
			};
			buildConfigurationList = 7E6AEC8A1B24E15E007F1C74 /* Build configuration list for PBXProject "MadLibs" */;
			compatibilityVersion = "Xcode 3.2";
			developmentRegion = English;
			hasScannedForEncodings = 0;
			knownRegions = (
				en,
				Base,
			);
			mainGroup = 7E6AEC861B24E15E007F1C74;
			productRefGroup = 7E6AEC901B24E15E007F1C74 /* Products */;
			projectDirPath = "";
			projectRoot = "";
			targets = (
				7E6AEC8E1B24E15E007F1C74 /* MadLibs */,
				7E6AECA71B24E15E007F1C74 /* MadLibsTests */,
			);
		};
/* End PBXProject section */

/* Begin PBXResourcesBuildPhase section */
		7E6AEC8D1B24E15E007F1C74 /* Resources */ = {
			isa = PBXResourcesBuildPhase;
			buildActionMask = 2147483647;
			files = (
				7E6AEC9E1B24E15E007F1C74 /* Main.storyboard in Resources */,
				7E6AECA31B24E15E007F1C74 /* LaunchScreen.xib in Resources */,
				7E6AECA01B24E15E007F1C74 /* Images.xcassets in Resources */,
			);
			runOnlyForDeploymentPostprocessing = 0;
		};
		7E6AECA61B24E15E007F1C74 /* Resources */ = {
			isa = PBXResourcesBuildPhase;
			buildActionMask = 2147483647;
			files = (
			);
			runOnlyForDeploymentPostprocessing = 0;
		};
/* End PBXResourcesBuildPhase section */

/* Begin PBXSourcesBuildPhase section */
		7E6AEC8B1B24E15E007F1C74 /* Sources */ = {
			isa = PBXSourcesBuildPhase;
			buildActionMask = 2147483647;
			files = (
				7E6AECC01B24E547007F1C74 /* MadLib.m in Sources */,
				7E6AEC9B1B24E15E007F1C74 /* MadLibViewController.m in Sources */,
				7E6AEC981B24E15E007F1C74 /* AppDelegate.m in Sources */,
				7E6AECBD1B24E2D8007F1C74 /* MadLibFieldCell.m in Sources */,
				7E6AEC951B24E15E007F1C74 /* main.m in Sources */,
			);
			runOnlyForDeploymentPostprocessing = 0;
		};
		7E6AECA41B24E15E007F1C74 /* Sources */ = {
			isa = PBXSourcesBuildPhase;
			buildActionMask = 2147483647;
			files = (
				7E6AECAF1B24E15E007F1C74 /* MadLibsTests.m in Sources */,
			);
			runOnlyForDeploymentPostprocessing = 0;
		};
/* End PBXSourcesBuildPhase section */

/* Begin PBXTargetDependency section */
		7E6AECAA1B24E15E007F1C74 /* PBXTargetDependency */ = {
			isa = PBXTargetDependency;
			target = 7E6AEC8E1B24E15E007F1C74 /* MadLibs */;
			targetProxy = 7E6AECA91B24E15E007F1C74 /* PBXContainerItemProxy */;
		};
/* End PBXTargetDependency section */

/* Begin PBXVariantGroup section */
		7E6AEC9C1B24E15E007F1C74 /* Main.storyboard */ = {
			isa = PBXVariantGroup;
			children = (
				7E6AEC9D1B24E15E007F1C74 /* Base */,
			);
			name = Main.storyboard;
			sourceTree = "<group>";
		};
		7E6AECA11B24E15E007F1C74 /* LaunchScreen.xib */ = {
			isa = PBXVariantGroup;
			children = (
				7E6AECA21B24E15E007F1C74 /* Base */,
			);
			name = LaunchScreen.xib;
			sourceTree = "<group>";
		};
/* End PBXVariantGroup section */

/* Begin XCBuildConfiguration section */
		7E6AECB01B24E15E007F1C74 /* Debug */ = {
			isa = XCBuildConfiguration;
			buildSettings = {
				ALWAYS_SEARCH_USER_PATHS = NO;
				CLANG_CXX_LANGUAGE_STANDARD = "gnu++0x";
				CLANG_CXX_LIBRARY = "libc++";
				CLANG_ENABLE_MODULES = YES;
				CLANG_ENABLE_OBJC_ARC = YES;
				CLANG_WARN_BOOL_CONVERSION = YES;
				CLANG_WARN_CONSTANT_CONVERSION = YES;
				CLANG_WARN_DIRECT_OBJC_ISA_USAGE = YES_ERROR;
				CLANG_WARN_EMPTY_BODY = YES;
				CLANG_WARN_ENUM_CONVERSION = YES;
				CLANG_WARN_INT_CONVERSION = YES;
				CLANG_WARN_OBJC_ROOT_CLASS = YES_ERROR;
				CLANG_WARN_UNREACHABLE_CODE = YES;
				CLANG_WARN__DUPLICATE_METHOD_MATCH = YES;
				"CODE_SIGN_IDENTITY[sdk=iphoneos*]" = "iPhone Developer";
				COPY_PHASE_STRIP = NO;
				DEBUG_INFORMATION_FORMAT = "dwarf-with-dsym";
				ENABLE_STRICT_OBJC_MSGSEND = YES;
				GCC_C_LANGUAGE_STANDARD = gnu99;
				GCC_DYNAMIC_NO_PIC = NO;
				GCC_NO_COMMON_BLOCKS = YES;
				GCC_OPTIMIZATION_LEVEL = 0;
				GCC_PREPROCESSOR_DEFINITIONS = (
					"DEBUG=1",
					"$(inherited)",
				);
				GCC_SYMBOLS_PRIVATE_EXTERN = NO;
				GCC_WARN_64_TO_32_BIT_CONVERSION = YES;
				GCC_WARN_ABOUT_RETURN_TYPE = YES_ERROR;
				GCC_WARN_UNDECLARED_SELECTOR = YES;
				GCC_WARN_UNINITIALIZED_AUTOS = YES_AGGRESSIVE;
				GCC_WARN_UNUSED_FUNCTION = YES;
				GCC_WARN_UNUSED_VARIABLE = YES;
				IPHONEOS_DEPLOYMENT_TARGET = 8.3;
				MTL_ENABLE_DEBUG_INFO = YES;
				ONLY_ACTIVE_ARCH = YES;
				SDKROOT = iphoneos;
			};
			name = Debug;
		};
		7E6AECB11B24E15E007F1C74 /* Release */ = {
			isa = XCBuildConfiguration;
			buildSettings = {
				ALWAYS_SEARCH_USER_PATHS = NO;
				CLANG_CXX_LANGUAGE_STANDARD = "gnu++0x";
				CLANG_CXX_LIBRARY = "libc++";
				CLANG_ENABLE_MODULES = YES;
				CLANG_ENABLE_OBJC_ARC = YES;
				CLANG_WARN_BOOL_CONVERSION = YES;
				CLANG_WARN_CONSTANT_CONVERSION = YES;
				CLANG_WARN_DIRECT_OBJC_ISA_USAGE = YES_ERROR;
				CLANG_WARN_EMPTY_BODY = YES;
				CLANG_WARN_ENUM_CONVERSION = YES;
				CLANG_WARN_INT_CONVERSION = YES;
				CLANG_WARN_OBJC_ROOT_CLASS = YES_ERROR;
				CLANG_WARN_UNREACHABLE_CODE = YES;
				CLANG_WARN__DUPLICATE_METHOD_MATCH = YES;
				"CODE_SIGN_IDENTITY[sdk=iphoneos*]" = "iPhone Developer";
				COPY_PHASE_STRIP = NO;
				DEBUG_INFORMATION_FORMAT = "dwarf-with-dsym";
				ENABLE_NS_ASSERTIONS = NO;
				ENABLE_STRICT_OBJC_MSGSEND = YES;
				GCC_C_LANGUAGE_STANDARD = gnu99;
				GCC_NO_COMMON_BLOCKS = YES;
				GCC_WARN_64_TO_32_BIT_CONVERSION = YES;
				GCC_WARN_ABOUT_RETURN_TYPE = YES_ERROR;
				GCC_WARN_UNDECLARED_SELECTOR = YES;
				GCC_WARN_UNINITIALIZED_AUTOS = YES_AGGRESSIVE;
				GCC_WARN_UNUSED_FUNCTION = YES;
				GCC_WARN_UNUSED_VARIABLE = YES;
				IPHONEOS_DEPLOYMENT_TARGET = 8.3;
				MTL_ENABLE_DEBUG_INFO = NO;
				SDKROOT = iphoneos;
				VALIDATE_PRODUCT = YES;
			};
			name = Release;
		};
		7E6AECB31B24E15E007F1C74 /* Debug */ = {
			isa = XCBuildConfiguration;
			buildSettings = {
				ASSETCATALOG_COMPILER_APPICON_NAME = AppIcon;
				INFOPLIST_FILE = MadLibs/Info.plist;
				LD_RUNPATH_SEARCH_PATHS = "$(inherited) @executable_path/Frameworks";
				PRODUCT_NAME = "$(TARGET_NAME)";
			};
			name = Debug;
		};
		7E6AECB41B24E15E007F1C74 /* Release */ = {
			isa = XCBuildConfiguration;
			buildSettings = {
				ASSETCATALOG_COMPILER_APPICON_NAME = AppIcon;
				INFOPLIST_FILE = MadLibs/Info.plist;
				LD_RUNPATH_SEARCH_PATHS = "$(inherited) @executable_path/Frameworks";
				PRODUCT_NAME = "$(TARGET_NAME)";
			};
			name = Release;
		};
		7E6AECB61B24E15E007F1C74 /* Debug */ = {
			isa = XCBuildConfiguration;
			buildSettings = {
				BUNDLE_LOADER = "$(TEST_HOST)";
				FRAMEWORK_SEARCH_PATHS = (
					"$(SDKROOT)/Developer/Library/Frameworks",
					"$(inherited)",
				);
				GCC_PREPROCESSOR_DEFINITIONS = (
					"DEBUG=1",
					"$(inherited)",
				);
				INFOPLIST_FILE = MadLibsTests/Info.plist;
				LD_RUNPATH_SEARCH_PATHS = "$(inherited) @executable_path/Frameworks @loader_path/Frameworks";
				PRODUCT_NAME = "$(TARGET_NAME)";
				TEST_HOST = "$(BUILT_PRODUCTS_DIR)/MadLibs.app/MadLibs";
			};
			name = Debug;
		};
		7E6AECB71B24E15E007F1C74 /* Release */ = {
			isa = XCBuildConfiguration;
			buildSettings = {
				BUNDLE_LOADER = "$(TEST_HOST)";
				FRAMEWORK_SEARCH_PATHS = (
					"$(SDKROOT)/Developer/Library/Frameworks",
					"$(inherited)",
				);
				INFOPLIST_FILE = MadLibsTests/Info.plist;
				LD_RUNPATH_SEARCH_PATHS = "$(inherited) @executable_path/Frameworks @loader_path/Frameworks";
				PRODUCT_NAME = "$(TARGET_NAME)";
				TEST_HOST = "$(BUILT_PRODUCTS_DIR)/MadLibs.app/MadLibs";
			};
			name = Release;
		};
/* End XCBuildConfiguration section */

/* Begin XCConfigurationList section */
		7E6AEC8A1B24E15E007F1C74 /* Build configuration list for PBXProject "MadLibs" */ = {
			isa = XCConfigurationList;
			buildConfigurations = (
				7E6AECB01B24E15E007F1C74 /* Debug */,
				7E6AECB11B24E15E007F1C74 /* Release */,
			);
			defaultConfigurationIsVisible = 0;
			defaultConfigurationName = Release;
		};
		7E6AECB21B24E15E007F1C74 /* Build configuration list for PBXNativeTarget "MadLibs" */ = {
			isa = XCConfigurationList;
			buildConfigurations = (
				7E6AECB31B24E15E007F1C74 /* Debug */,
				7E6AECB41B24E15E007F1C74 /* Release */,
			);
			defaultConfigurationIsVisible = 0;
		};
		7E6AECB51B24E15E007F1C74 /* Build configuration list for PBXNativeTarget "MadLibsTests" */ = {
			isa = XCConfigurationList;
			buildConfigurations = (
				7E6AECB61B24E15E007F1C74 /* Debug */,
				7E6AECB71B24E15E007F1C74 /* Release */,
			);
			defaultConfigurationIsVisible = 0;
		};
/* End XCConfigurationList section */
	};
	rootObject = 7E6AEC871B24E15E007F1C74 /* Project object */;
}
